
Microsoft Visual Studio Solution File, Format Version 12.00
# Visual Studio 15
VisualStudioVersion = 15.0.27004.2008
MinimumVisualStudioVersion = 10.0.40219.1
Project("{FAE04EC0-301F-11D3-BF4B-00C04F79EFBC}") = "WcfBackEndDemo", "WcfBackEndDemo\WcfBackEndDemo.csproj", "{AB6AB0C8-E13F-44A8-B503-EEDB594F9EAA}"
EndProject
Global
	GlobalSection(SolutionConfigurationPlatforms) = preSolution
		Debug|Any CPU = Debug|Any CPU
		Release|Any CPU = Release|Any CPU
	EndGlobalSection
	GlobalSection(ProjectConfigurationPlatforms) = postSolution
		{AB6AB0C8-E13F-44A8-B503-EEDB594F9EAA}.Debug|Any CPU.ActiveCfg = Debug|Any CPU
		{AB6AB0C8-E13F-44A8-B503-EEDB594F9EAA}.Debug|Any CPU.Build.0 = Debug|Any CPU
		{AB6AB0C8-E13F-44A8-B503-EEDB594F9EAA}.Release|Any CPU.ActiveCfg = Release|Any CPU
		{AB6AB0C8-E13F-44A8-B503-EEDB594F9EAA}.Release|Any CPU.Build.0 = Release|Any CPU
	EndGlobalSection
	GlobalSection(SolutionProperties) = preSolution
		HideSolutionNode = FALSE
	EndGlobalSection
	GlobalSection(ExtensibilityGlobals) = postSolution
		SolutionGuid = {94A0B5C5-5FD6-4757-A6FB-15FE7AB648B9}
	EndGlobalSection
EndGlobal
